
Microsoft Visual Studio Solution File, Format Version 12.00
# Visual Studio Version 17
VisualStudioVersion = 17.11.35312.102
MinimumVisualStudioVersion = 10.0.40219.1
Project("{FAE04EC0-301F-11D3-BF4B-00C04F79EFBC}") = "EmpCrud", "EmpCrud\EmpCrud.csproj", "{43B335C6-9A5B-4007-9907-E04B9071A9EC}"
EndProject
Global
	GlobalSection(SolutionConfigurationPlatforms) = preSolution
		Debug|Any CPU = Debug|Any CPU
		Release|Any CPU = Release|Any CPU
	EndGlobalSection
	GlobalSection(ProjectConfigurationPlatforms) = postSolution
		{43B335C6-9A5B-4007-9907-E04B9071A9EC}.Debug|Any CPU.ActiveCfg = Debug|Any CPU
		{43B335C6-9A5B-4007-9907-E04B9071A9EC}.Debug|Any CPU.Build.0 = Debug|Any CPU
		{43B335C6-9A5B-4007-9907-E04B9071A9EC}.Release|Any CPU.ActiveCfg = Release|Any CPU
		{43B335C6-9A5B-4007-9907-E04B9071A9EC}.Release|Any CPU.Build.0 = Release|Any CPU
	EndGlobalSection
	GlobalSection(SolutionProperties) = preSolution
		HideSolutionNode = FALSE
	EndGlobalSection
	GlobalSection(ExtensibilityGlobals) = postSolution
		SolutionGuid = {89204B57-04BF-436F-BCA9-AD5810D408B7}
	EndGlobalSection
EndGlobal
